{
  "meteor": {
    "git": "https://github.com/meteor/meteor.git",
    "branch": "shark",
    "commit": "d27fa802b71403843c437efc9bd071a2ff091d37"
  },
  "dependencies": {
    "basePackages": {
      "iron-router": {
        "git": "https://github.com/EventedMind/iron-router.git",
        "branch": "blaze-integration"
      },
      "npm": {},
      "reactive-objects": {},
      "mongo-counter": {},
      "bootstrap-3": {},
      "config": {},
      "extensions": {
        "git": "https://github.com/gadicohen/meteor-extensions.git",
        "branch": "master"
      },
      "blaze-layout": {}
    },
    "packages": {
      "iron-router": {
        "git": "https://github.com/EventedMind/iron-router.git",
        "branch": "blaze-integration",
        "commit": "f43f88279b99f4cbbc102d4c3a4612ccad969451"
      },
      "npm": {
        "git": "https://github.com/arunoda/meteor-npm.git",
        "tag": "v0.2.6",
        "commit": "177ab6118de5bf8cffb19481343d5762ff7a2aaf"
      },
      "reactive-objects": {
        "git": "https://github.com/Meteor-Reaction/meteor-reactive-objects.git",
        "tag": "v0.6.0",
        "commit": "991f4e87d081ae9f32926b56895d57fe4f51b327"
      },
      "mongo-counter": {
        "git": "https://github.com/awwx/meteor-mongo-counter.git",
        "tag": "v1.1.0",
        "commit": "9a0710543cec7c192e38d5acc54cf3b0a9fbcb20"
      },
      "bootstrap-3": {
        "git": "https://github.com/mangasocial/meteor-bootstrap-3.git",
        "tag": "v3.1.1-1",
        "commit": "63dd38968828bb8963636df93e9a1c45e2dfe67e"
      },
      "config": {
        "git": "https://github.com/gadicohen/meteor-config.git",
        "tag": "v0.0.1",
        "commit": "1ac1a5a0b6a4ec4157d8ce154d4df8b0393433e1"
      },
      "extensions": {
        "git": "https://github.com/gadicohen/meteor-extensions.git",
        "branch": "master",
        "commit": "8540270e0e29bafa5fea5c56f4e82eee9537347a"
      },
      "blaze-layout": {
        "git": "https://github.com/EventedMind/blaze-layout.git",
        "tag": "v0.1.0",
        "commit": "b3a0d4f4c5cde42af06a125137d7abe9edef899c"
      }
    }
  }
}
