{
  "meteor": {},
  "dependencies": {
    "basePackages": {
      "iron-router": {},
      "mongo-counter": {},
      "bootstrap-3": {},
      "config": {},
      "extensions": {
        "git": "https://github.com/gadicohen/meteor-extensions.git",
        "branch": "master"
      },
      "connection-banner": {},
      "font-awesome": {},
      "reactive-object": {}
    },
    "packages": {
      "iron-router": {
        "git": "https://github.com/EventedMind/iron-router.git",
        "tag": "v0.8.2",
        "commit": "05415a8891ea87a00fb1e2388585f2ca5a38e0da"
      },
      "mongo-counter": {
        "git": "https://github.com/awwx/meteor-mongo-counter.git",
        "tag": "v1.1.0",
        "commit": "9a0710543cec7c192e38d5acc54cf3b0a9fbcb20"
      },
      "bootstrap-3": {
        "git": "https://github.com/mangasocial/meteor-bootstrap-3.git",
        "tag": "v3.2.0-1",
        "commit": "17a63902fc6cf1096c5289d963c66cf28b474727"
      },
      "config": {
        "git": "https://github.com/gadicohen/meteor-config.git",
        "tag": "v0.0.4",
        "commit": "0a94aa26cebef6877ad5d87e655985c0371d3624"
      },
      "extensions": {
        "git": "https://github.com/gadicohen/meteor-extensions.git",
        "branch": "master",
        "commit": "8540270e0e29bafa5fea5c56f4e82eee9537347a"
      },
      "connection-banner": {
        "git": "https://github.com/nate-strauser/meteor-connection-banner.git",
        "tag": "v0.4.0",
        "commit": "2652cd4ee4d863651c4b5298aebcf2c5710d2971"
      },
      "font-awesome": {
        "git": "https://github.com/nate-strauser/meteor-font-awesome.git",
        "tag": "v4.1.0",
        "commit": "ce6b1e92715d1938babc5d69c655c17e387f5926"
      },
      "reactive-object": {
        "git": "https://github.com/jonjamz/reactive-object.git",
        "tag": "v0.1.0",
        "commit": "15dc38ed667a6ca116069deb31346e9a8718855b"
      },
      "iron-layout": {
        "git": "https://github.com/EventedMind/iron-layout.git",
        "tag": "v0.2.0",
        "commit": "4a2d53e35ba036b0c189c7ceca34be494d4c6c97"
      },
      "blaze-layout": {
        "git": "https://github.com/EventedMind/blaze-layout.git",
        "tag": "v0.2.5",
        "commit": "273e3ab7d005d91a1a59c71bd224533b4dae2fbd"
      },
      "iron-core": {
        "git": "https://github.com/EventedMind/iron-core.git",
        "tag": "v0.2.0",
        "commit": "0e48b5dc50d03f01025b7b900fb5ce2f13d52cad"
      },
      "iron-dynamic-template": {
        "git": "https://github.com/EventedMind/iron-dynamic-template.git",
        "tag": "v0.2.1",
        "commit": "4dd1185c4d9d616c9abdb3f33e4a7d5a88db7e18"
      }
    }
  }
}
