{
  "meteor": {},
  "dependencies": {
    "basePackages": {
      "iron-router": {},
      "npm": {},
      "reactive-objects": {},
      "mongo-counter": {},
      "streams": {},
      "bootstrap-3": {},
      "extensions": {}
    },
    "packages": {
      "iron-router": {
        "git": "https://github.com/EventedMind/iron-router.git",
        "tag": "v0.6.2",
        "commit": "ce56e58b45624dce992490f3a1c10f10d3948bae"
      },
      "npm": {
        "git": "https://github.com/arunoda/meteor-npm.git",
        "tag": "v0.2.6",
        "commit": "177ab6118de5bf8cffb19481343d5762ff7a2aaf"
      },
      "reactive-objects": {
        "git": "https://github.com/Meteor-Reaction/meteor-reactive-objects.git",
        "tag": "v0.6.0",
        "commit": "991f4e87d081ae9f32926b56895d57fe4f51b327"
      },
      "mongo-counter": {
        "git": "https://github.com/awwx/meteor-mongo-counter.git",
        "tag": "v1.1.0",
        "commit": "9a0710543cec7c192e38d5acc54cf3b0a9fbcb20"
      },
      "streams": {
        "git": "https://github.com/arunoda/meteor-streams.git",
        "tag": "v0.1.17",
        "commit": "9fcbbc9b7bf542827babc92089c19e730892a22f"
      },
      "bootstrap-3": {
        "git": "https://github.com/mangasocial/meteor-bootstrap-3.git",
        "tag": "v3.1.0-1",
        "commit": "329dccb08bfc18c635676dea600ac9953162cda9"
      },
      "extensions": {
        "git": "https://github.com/gadicohen/meteor-extensions.git",
        "tag": "v0.0.7",
        "commit": "fe931b4efdffeab8dcad5e9668812cd631cf3a58"
      }
    }
  }
}
